
Microsoft Visual Studio Solution File, Format Version 12.00
# Visual Studio Version 17
VisualStudioVersion = 17.13.35913.81 d17.13
MinimumVisualStudioVersion = 10.0.40219.1
Project("{FAE04EC0-301F-11D3-BF4B-00C04F79EFBC}") = "MathInput1", "MathInput1.csproj", "{AABC6D87-9E01-4130-A96E-5F2153CF62C4}"
EndProject
Global
	GlobalSection(SolutionConfigurationPlatforms) = preSolution
		Debug|Any CPU = Debug|Any CPU
		Release|Any CPU = Release|Any CPU
	EndGlobalSection
	GlobalSection(ProjectConfigurationPlatforms) = postSolution
		{AABC6D87-9E01-4130-A96E-5F2153CF62C4}.Debug|Any CPU.ActiveCfg = Debug|Any CPU
		{AABC6D87-9E01-4130-A96E-5F2153CF62C4}.Debug|Any CPU.Build.0 = Debug|Any CPU
		{AABC6D87-9E01-4130-A96E-5F2153CF62C4}.Release|Any CPU.ActiveCfg = Release|Any CPU
		{AABC6D87-9E01-4130-A96E-5F2153CF62C4}.Release|Any CPU.Build.0 = Release|Any CPU
	EndGlobalSection
	GlobalSection(SolutionProperties) = preSolution
		HideSolutionNode = FALSE
	EndGlobalSection
	GlobalSection(ExtensibilityGlobals) = postSolution
		SolutionGuid = {0ADC95AD-28D0-4449-8529-15D5C174C732}
	EndGlobalSection
EndGlobal
