
Microsoft Visual Studio Solution File, Format Version 12.00
# Visual Studio Version 17
VisualStudioVersion = 17.13.35913.81 d17.13
MinimumVisualStudioVersion = 10.0.40219.1
Project("{FAE04EC0-301F-11D3-BF4B-00C04F79EFBC}") = "6 - MethodBasic2", "6 - MethodBasic2.csproj", "{1AC0C82D-C970-4184-A09D-0A15AA128826}"
EndProject
Global
	GlobalSection(SolutionConfigurationPlatforms) = preSolution
		Debug|Any CPU = Debug|Any CPU
		Release|Any CPU = Release|Any CPU
	EndGlobalSection
	GlobalSection(ProjectConfigurationPlatforms) = postSolution
		{1AC0C82D-C970-4184-A09D-0A15AA128826}.Debug|Any CPU.ActiveCfg = Debug|Any CPU
		{1AC0C82D-C970-4184-A09D-0A15AA128826}.Debug|Any CPU.Build.0 = Debug|Any CPU
		{1AC0C82D-C970-4184-A09D-0A15AA128826}.Release|Any CPU.ActiveCfg = Release|Any CPU
		{1AC0C82D-C970-4184-A09D-0A15AA128826}.Release|Any CPU.Build.0 = Release|Any CPU
	EndGlobalSection
	GlobalSection(SolutionProperties) = preSolution
		HideSolutionNode = FALSE
	EndGlobalSection
	GlobalSection(ExtensibilityGlobals) = postSolution
		SolutionGuid = {7E4FBF0D-EE35-4F7D-AE49-BF3B4067DE3A}
	EndGlobalSection
EndGlobal
