
Microsoft Visual Studio Solution File, Format Version 12.00
# Visual Studio Version 17
VisualStudioVersion = 17.13.35913.81 d17.13
MinimumVisualStudioVersion = 10.0.40219.1
Project("{FAE04EC0-301F-11D3-BF4B-00C04F79EFBC}") = "MeetoditeTöö", "MeetoditeTöö.csproj", "{6B162880-6AE6-46EB-993D-D955B47A1187}"
EndProject
Global
	GlobalSection(SolutionConfigurationPlatforms) = preSolution
		Debug|Any CPU = Debug|Any CPU
		Release|Any CPU = Release|Any CPU
	EndGlobalSection
	GlobalSection(ProjectConfigurationPlatforms) = postSolution
		{6B162880-6AE6-46EB-993D-D955B47A1187}.Debug|Any CPU.ActiveCfg = Debug|Any CPU
		{6B162880-6AE6-46EB-993D-D955B47A1187}.Debug|Any CPU.Build.0 = Debug|Any CPU
		{6B162880-6AE6-46EB-993D-D955B47A1187}.Release|Any CPU.ActiveCfg = Release|Any CPU
		{6B162880-6AE6-46EB-993D-D955B47A1187}.Release|Any CPU.Build.0 = Release|Any CPU
	EndGlobalSection
	GlobalSection(SolutionProperties) = preSolution
		HideSolutionNode = FALSE
	EndGlobalSection
	GlobalSection(ExtensibilityGlobals) = postSolution
		SolutionGuid = {B13A9022-96F7-4E3E-B77C-B990DE64036E}
	EndGlobalSection
EndGlobal
