
Microsoft Visual Studio Solution File, Format Version 12.00
# Visual Studio Version 17
VisualStudioVersion = 17.14.36705.20 d17.14
MinimumVisualStudioVersion = 10.0.40219.1
Project("{FAE04EC0-301F-11D3-BF4B-00C04F79EFBC}") = "2-Sulgudega kalkulaator", "2-Sulgudega kalkulaator.csproj", "{87655F54-BB05-4130-9822-DB11DA8F0C27}"
EndProject
Global
	GlobalSection(SolutionConfigurationPlatforms) = preSolution
		Debug|Any CPU = Debug|Any CPU
		Release|Any CPU = Release|Any CPU
	EndGlobalSection
	GlobalSection(ProjectConfigurationPlatforms) = postSolution
		{87655F54-BB05-4130-9822-DB11DA8F0C27}.Debug|Any CPU.ActiveCfg = Debug|Any CPU
		{87655F54-BB05-4130-9822-DB11DA8F0C27}.Debug|Any CPU.Build.0 = Debug|Any CPU
		{87655F54-BB05-4130-9822-DB11DA8F0C27}.Release|Any CPU.ActiveCfg = Release|Any CPU
		{87655F54-BB05-4130-9822-DB11DA8F0C27}.Release|Any CPU.Build.0 = Release|Any CPU
	EndGlobalSection
	GlobalSection(SolutionProperties) = preSolution
		HideSolutionNode = FALSE
	EndGlobalSection
	GlobalSection(ExtensibilityGlobals) = postSolution
		SolutionGuid = {100C3D80-AD59-4F7C-BAC7-A22C506F1AF4}
	EndGlobalSection
EndGlobal
